// !$*UTF8*$!
{
	archiveVersion = 1;
	classes = {
	};
	objectVersion = 46;
	objects = {

/* Begin PBXBuildFile section */
		167D610B03D37A6C850E764C /* Pods_Detroit_School_Transport.framework in Frameworks */ = {isa = PBXBuildFile; fileRef = C5A48737979C11C62A69B5D0 /* Pods_Detroit_School_Transport.framework */; };
		72C86E3FF79D3402F2C521BB /* Pods_Detroit_School_TransportUITests.framework in Frameworks */ = {isa = PBXBuildFile; fileRef = B2ADDFEA9AEA5C70E085D5E6 /* Pods_Detroit_School_TransportUITests.framework */; };
		99A5F7DC55998A8733F60672 /* Pods_Detroit_School_TransportTests.framework in Frameworks */ = {isa = PBXBuildFile; fileRef = DBEB0B867E5604B8A412190F /* Pods_Detroit_School_TransportTests.framework */; };
		A0A054151DA8D04300ED1F03 /* BeginTripViewController.swift in Sources */ = {isa = PBXBuildFile; fileRef = A0A054141DA8D04300ED1F03 /* BeginTripViewController.swift */; };
		A0E834041DA8C756001A45EF /* AppDelegate.swift in Sources */ = {isa = PBXBuildFile; fileRef = A0E834031DA8C756001A45EF /* AppDelegate.swift */; };
		A0E834091DA8C756001A45EF /* Main.storyboard in Resources */ = {isa = PBXBuildFile; fileRef = A0E834071DA8C756001A45EF /* Main.storyboard */; };
		A0E8340B1DA8C756001A45EF /* Assets.xcassets in Resources */ = {isa = PBXBuildFile; fileRef = A0E8340A1DA8C756001A45EF /* Assets.xcassets */; };
		A0E8340E1DA8C756001A45EF /* LaunchScreen.storyboard in Resources */ = {isa = PBXBuildFile; fileRef = A0E8340C1DA8C756001A45EF /* LaunchScreen.storyboard */; };
		A0E834191DA8C756001A45EF /* Detroit_School_TransportTests.swift in Sources */ = {isa = PBXBuildFile; fileRef = A0E834181DA8C756001A45EF /* Detroit_School_TransportTests.swift */; };
		A0E834241DA8C756001A45EF /* Detroit_School_TransportUITests.swift in Sources */ = {isa = PBXBuildFile; fileRef = A0E834231DA8C756001A45EF /* Detroit_School_TransportUITests.swift */; };
		A0ECD6371DA982E200132B7D /* TripDataViewController.swift in Sources */ = {isa = PBXBuildFile; fileRef = A0ECD6361DA982E200132B7D /* TripDataViewController.swift */; };
		A0ED15411DA9990E00954412 /* GoogleService-Info.plist in Resources */ = {isa = PBXBuildFile; fileRef = A0ED15401DA9990E00954412 /* GoogleService-Info.plist */; };
		A0ED15431DA9999900954412 /* SwiftHEXColors.swift in Sources */ = {isa = PBXBuildFile; fileRef = A0ED15421DA9999900954412 /* SwiftHEXColors.swift */; };
		EE5529921DA9BD5F00187EC9 /* PublicTransitDataSource.swift in Sources */ = {isa = PBXBuildFile; fileRef = EE5529911DA9BD5F00187EC9 /* PublicTransitDataSource.swift */; };
/* End PBXBuildFile section */

/* Begin PBXContainerItemProxy section */
		A0E834151DA8C756001A45EF /* PBXContainerItemProxy */ = {
			isa = PBXContainerItemProxy;
			containerPortal = A0E833F81DA8C756001A45EF /* Project object */;
			proxyType = 1;
			remoteGlobalIDString = A0E833FF1DA8C756001A45EF;
			remoteInfo = "Detroit-School-Transport";
		};
		A0E834201DA8C756001A45EF /* PBXContainerItemProxy */ = {
			isa = PBXContainerItemProxy;
			containerPortal = A0E833F81DA8C756001A45EF /* Project object */;
			proxyType = 1;
			remoteGlobalIDString = A0E833FF1DA8C756001A45EF;
			remoteInfo = "Detroit-School-Transport";
		};
/* End PBXContainerItemProxy section */

/* Begin PBXFileReference section */
		53B66A37D07FE0AD6651EBC8 /* Pods-Detroit-School-Transport.debug.xcconfig */ = {isa = PBXFileReference; includeInIndex = 1; lastKnownFileType = text.xcconfig; name = "Pods-Detroit-School-Transport.debug.xcconfig"; path = "Pods/Target Support Files/Pods-Detroit-School-Transport/Pods-Detroit-School-Transport.debug.xcconfig"; sourceTree = "<group>"; };
		77958C46CCD7235D16AA1C99 /* Pods-Detroit-School-TransportTests.release.xcconfig */ = {isa = PBXFileReference; includeInIndex = 1; lastKnownFileType = text.xcconfig; name = "Pods-Detroit-School-TransportTests.release.xcconfig"; path = "Pods/Target Support Files/Pods-Detroit-School-TransportTests/Pods-Detroit-School-TransportTests.release.xcconfig"; sourceTree = "<group>"; };
		A0A054141DA8D04300ED1F03 /* BeginTripViewController.swift */ = {isa = PBXFileReference; fileEncoding = 4; lastKnownFileType = sourcecode.swift; path = BeginTripViewController.swift; sourceTree = "<group>"; };
		A0E834001DA8C756001A45EF /* Detroit-School-Transport.app */ = {isa = PBXFileReference; explicitFileType = wrapper.application; includeInIndex = 0; path = "Detroit-School-Transport.app"; sourceTree = BUILT_PRODUCTS_DIR; };
		A0E834031DA8C756001A45EF /* AppDelegate.swift */ = {isa = PBXFileReference; lastKnownFileType = sourcecode.swift; path = AppDelegate.swift; sourceTree = "<group>"; };
		A0E834081DA8C756001A45EF /* Base */ = {isa = PBXFileReference; lastKnownFileType = file.storyboard; name = Base; path = Base.lproj/Main.storyboard; sourceTree = "<group>"; };
		A0E8340A1DA8C756001A45EF /* Assets.xcassets */ = {isa = PBXFileReference; lastKnownFileType = folder.assetcatalog; path = Assets.xcassets; sourceTree = "<group>"; };
		A0E8340D1DA8C756001A45EF /* Base */ = {isa = PBXFileReference; lastKnownFileType = file.storyboard; name = Base; path = Base.lproj/LaunchScreen.storyboard; sourceTree = "<group>"; };
		A0E8340F1DA8C756001A45EF /* Info.plist */ = {isa = PBXFileReference; lastKnownFileType = text.plist.xml; path = Info.plist; sourceTree = "<group>"; };
		A0E834141DA8C756001A45EF /* Detroit-School-TransportTests.xctest */ = {isa = PBXFileReference; explicitFileType = wrapper.cfbundle; includeInIndex = 0; path = "Detroit-School-TransportTests.xctest"; sourceTree = BUILT_PRODUCTS_DIR; };
		A0E834181DA8C756001A45EF /* Detroit_School_TransportTests.swift */ = {isa = PBXFileReference; lastKnownFileType = sourcecode.swift; path = Detroit_School_TransportTests.swift; sourceTree = "<group>"; };
		A0E8341A1DA8C756001A45EF /* Info.plist */ = {isa = PBXFileReference; lastKnownFileType = text.plist.xml; path = Info.plist; sourceTree = "<group>"; };
		A0E8341F1DA8C756001A45EF /* Detroit-School-TransportUITests.xctest */ = {isa = PBXFileReference; explicitFileType = wrapper.cfbundle; includeInIndex = 0; path = "Detroit-School-TransportUITests.xctest"; sourceTree = BUILT_PRODUCTS_DIR; };
		A0E834231DA8C756001A45EF /* Detroit_School_TransportUITests.swift */ = {isa = PBXFileReference; lastKnownFileType = sourcecode.swift; path = Detroit_School_TransportUITests.swift; sourceTree = "<group>"; };
		A0E834251DA8C756001A45EF /* Info.plist */ = {isa = PBXFileReference; lastKnownFileType = text.plist.xml; path = Info.plist; sourceTree = "<group>"; };
		A0ECD6361DA982E200132B7D /* TripDataViewController.swift */ = {isa = PBXFileReference; fileEncoding = 4; lastKnownFileType = sourcecode.swift; path = TripDataViewController.swift; sourceTree = "<group>"; };
		A0ED15401DA9990E00954412 /* GoogleService-Info.plist */ = {isa = PBXFileReference; fileEncoding = 4; lastKnownFileType = text.plist.xml; name = "GoogleService-Info.plist"; path = "../../../../Downloads/GoogleService-Info.plist"; sourceTree = "<group>"; };
		A0ED15421DA9999900954412 /* SwiftHEXColors.swift */ = {isa = PBXFileReference; fileEncoding = 4; lastKnownFileType = sourcecode.swift; path = SwiftHEXColors.swift; sourceTree = "<group>"; };
		AD57E1755E78B39B3ED0B88D /* Pods-Detroit-School-TransportTests.debug.xcconfig */ = {isa = PBXFileReference; includeInIndex = 1; lastKnownFileType = text.xcconfig; name = "Pods-Detroit-School-TransportTests.debug.xcconfig"; path = "Pods/Target Support Files/Pods-Detroit-School-TransportTests/Pods-Detroit-School-TransportTests.debug.xcconfig"; sourceTree = "<group>"; };
		B2ADDFEA9AEA5C70E085D5E6 /* Pods_Detroit_School_TransportUITests.framework */ = {isa = PBXFileReference; explicitFileType = wrapper.framework; includeInIndex = 0; path = Pods_Detroit_School_TransportUITests.framework; sourceTree = BUILT_PRODUCTS_DIR; };
		BB771D8839A436E5512D4B07 /* Pods-Detroit-School-TransportUITests.release.xcconfig */ = {isa = PBXFileReference; includeInIndex = 1; lastKnownFileType = text.xcconfig; name = "Pods-Detroit-School-TransportUITests.release.xcconfig"; path = "Pods/Target Support Files/Pods-Detroit-School-TransportUITests/Pods-Detroit-School-TransportUITests.release.xcconfig"; sourceTree = "<group>"; };
		C5A48737979C11C62A69B5D0 /* Pods_Detroit_School_Transport.framework */ = {isa = PBXFileReference; explicitFileType = wrapper.framework; includeInIndex = 0; path = Pods_Detroit_School_Transport.framework; sourceTree = BUILT_PRODUCTS_DIR; };
		C68BE7B1BF758069DFDB3AA8 /* Pods-Detroit-School-Transport.release.xcconfig */ = {isa = PBXFileReference; includeInIndex = 1; lastKnownFileType = text.xcconfig; name = "Pods-Detroit-School-Transport.release.xcconfig"; path = "Pods/Target Support Files/Pods-Detroit-School-Transport/Pods-Detroit-School-Transport.release.xcconfig"; sourceTree = "<group>"; };
		DBEB0B867E5604B8A412190F /* Pods_Detroit_School_TransportTests.framework */ = {isa = PBXFileReference; explicitFileType = wrapper.framework; includeInIndex = 0; path = Pods_Detroit_School_TransportTests.framework; sourceTree = BUILT_PRODUCTS_DIR; };
		EE5529911DA9BD5F00187EC9 /* PublicTransitDataSource.swift */ = {isa = PBXFileReference; fileEncoding = 4; lastKnownFileType = sourcecode.swift; path = PublicTransitDataSource.swift; sourceTree = "<group>"; };
		F7528F882E0B6901912443B2 /* Pods-Detroit-School-TransportUITests.debug.xcconfig */ = {isa = PBXFileReference; includeInIndex = 1; lastKnownFileType = text.xcconfig; name = "Pods-Detroit-School-TransportUITests.debug.xcconfig"; path = "Pods/Target Support Files/Pods-Detroit-School-TransportUITests/Pods-Detroit-School-TransportUITests.debug.xcconfig"; sourceTree = "<group>"; };
/* End PBXFileReference section */

/* Begin PBXFrameworksBuildPhase section */
		A0E833FD1DA8C756001A45EF /* Frameworks */ = {
			isa = PBXFrameworksBuildPhase;
			buildActionMask = 2147483647;
			files = (
				167D610B03D37A6C850E764C /* Pods_Detroit_School_Transport.framework in Frameworks */,
			);
			runOnlyForDeploymentPostprocessing = 0;
		};
		A0E834111DA8C756001A45EF /* Frameworks */ = {
			isa = PBXFrameworksBuildPhase;
			buildActionMask = 2147483647;
			files = (
				99A5F7DC55998A8733F60672 /* Pods_Detroit_School_TransportTests.framework in Frameworks */,
			);
			runOnlyForDeploymentPostprocessing = 0;
		};
		A0E8341C1DA8C756001A45EF /* Frameworks */ = {
			isa = PBXFrameworksBuildPhase;
			buildActionMask = 2147483647;
			files = (
				72C86E3FF79D3402F2C521BB /* Pods_Detroit_School_TransportUITests.framework in Frameworks */,
			);
			runOnlyForDeploymentPostprocessing = 0;
		};
/* End PBXFrameworksBuildPhase section */

/* Begin PBXGroup section */
		30BD3BDCAF864596FEECA31C /* Pods */ = {
			isa = PBXGroup;
			children = (
				53B66A37D07FE0AD6651EBC8 /* Pods-Detroit-School-Transport.debug.xcconfig */,
				C68BE7B1BF758069DFDB3AA8 /* Pods-Detroit-School-Transport.release.xcconfig */,
				AD57E1755E78B39B3ED0B88D /* Pods-Detroit-School-TransportTests.debug.xcconfig */,
				77958C46CCD7235D16AA1C99 /* Pods-Detroit-School-TransportTests.release.xcconfig */,
				F7528F882E0B6901912443B2 /* Pods-Detroit-School-TransportUITests.debug.xcconfig */,
				BB771D8839A436E5512D4B07 /* Pods-Detroit-School-TransportUITests.release.xcconfig */,
			);
			name = Pods;
			sourceTree = "<group>";
		};
		310FF3F34DDBBFC1088B57D5 /* Frameworks */ = {
			isa = PBXGroup;
			children = (
				C5A48737979C11C62A69B5D0 /* Pods_Detroit_School_Transport.framework */,
				DBEB0B867E5604B8A412190F /* Pods_Detroit_School_TransportTests.framework */,
				B2ADDFEA9AEA5C70E085D5E6 /* Pods_Detroit_School_TransportUITests.framework */,
			);
			name = Frameworks;
			sourceTree = "<group>";
		};
		A0A054161DA8D0BF00ED1F03 /* View Controllers */ = {
			isa = PBXGroup;
			children = (
				A0A054141DA8D04300ED1F03 /* BeginTripViewController.swift */,
				A0ECD6361DA982E200132B7D /* TripDataViewController.swift */,
				EE5529911DA9BD5F00187EC9 /* PublicTransitDataSource.swift */,
			);
			name = "View Controllers";
			sourceTree = "<group>";
		};
		A0E833F71DA8C756001A45EF = {
			isa = PBXGroup;
			children = (
				A0ED15401DA9990E00954412 /* GoogleService-Info.plist */,
				A0E834021DA8C756001A45EF /* Detroit-School-Transport */,
				A0E834171DA8C756001A45EF /* Detroit-School-TransportTests */,
				A0E834221DA8C756001A45EF /* Detroit-School-TransportUITests */,
				A0E834011DA8C756001A45EF /* Products */,
				30BD3BDCAF864596FEECA31C /* Pods */,
				310FF3F34DDBBFC1088B57D5 /* Frameworks */,
			);
			sourceTree = "<group>";
		};
		A0E834011DA8C756001A45EF /* Products */ = {
			isa = PBXGroup;
			children = (
				A0E834001DA8C756001A45EF /* Detroit-School-Transport.app */,
				A0E834141DA8C756001A45EF /* Detroit-School-TransportTests.xctest */,
				A0E8341F1DA8C756001A45EF /* Detroit-School-TransportUITests.xctest */,
			);
			name = Products;
			sourceTree = "<group>";
		};
		A0E834021DA8C756001A45EF /* Detroit-School-Transport */ = {
			isa = PBXGroup;
			children = (
				A0ED15441DA999A300954412 /* Helper Classes */,
				A0A054161DA8D0BF00ED1F03 /* View Controllers */,
				A0E834031DA8C756001A45EF /* AppDelegate.swift */,
				A0E834071DA8C756001A45EF /* Main.storyboard */,
				A0E8340A1DA8C756001A45EF /* Assets.xcassets */,
				A0E8340C1DA8C756001A45EF /* LaunchScreen.storyboard */,
				A0E8340F1DA8C756001A45EF /* Info.plist */,
			);
			path = "Detroit-School-Transport";
			sourceTree = "<group>";
		};
		A0E834171DA8C756001A45EF /* Detroit-School-TransportTests */ = {
			isa = PBXGroup;
			children = (
				A0E834181DA8C756001A45EF /* Detroit_School_TransportTests.swift */,
				A0E8341A1DA8C756001A45EF /* Info.plist */,
			);
			path = "Detroit-School-TransportTests";
			sourceTree = "<group>";
		};
		A0E834221DA8C756001A45EF /* Detroit-School-TransportUITests */ = {
			isa = PBXGroup;
			children = (
				A0E834231DA8C756001A45EF /* Detroit_School_TransportUITests.swift */,
				A0E834251DA8C756001A45EF /* Info.plist */,
			);
			path = "Detroit-School-TransportUITests";
			sourceTree = "<group>";
		};
		A0ED15441DA999A300954412 /* Helper Classes */ = {
			isa = PBXGroup;
			children = (
				A0ED15421DA9999900954412 /* SwiftHEXColors.swift */,
			);
			name = "Helper Classes";
			sourceTree = "<group>";
		};
/* End PBXGroup section */

/* Begin PBXNativeTarget section */
		A0E833FF1DA8C756001A45EF /* Detroit-School-Transport */ = {
			isa = PBXNativeTarget;
			buildConfigurationList = A0E834281DA8C756001A45EF /* Build configuration list for PBXNativeTarget "Detroit-School-Transport" */;
			buildPhases = (
				1E3BA970619273F82836DCA6 /* [CP] Check Pods Manifest.lock */,
				A0E833FC1DA8C756001A45EF /* Sources */,
				A0E833FD1DA8C756001A45EF /* Frameworks */,
				A0E833FE1DA8C756001A45EF /* Resources */,
				5AF32764E29C79558E129095 /* [CP] Embed Pods Frameworks */,
				A1DD9F9A9C28D49468025D8A /* [CP] Copy Pods Resources */,
			);
			buildRules = (
			);
			dependencies = (
			);
			name = "Detroit-School-Transport";
			productName = "Detroit-School-Transport";
			productReference = A0E834001DA8C756001A45EF /* Detroit-School-Transport.app */;
			productType = "com.apple.product-type.application";
		};
		A0E834131DA8C756001A45EF /* Detroit-School-TransportTests */ = {
			isa = PBXNativeTarget;
			buildConfigurationList = A0E8342B1DA8C756001A45EF /* Build configuration list for PBXNativeTarget "Detroit-School-TransportTests" */;
			buildPhases = (
				4251D0084BA02AF3C8CCA8CC /* [CP] Check Pods Manifest.lock */,
				A0E834101DA8C756001A45EF /* Sources */,
				A0E834111DA8C756001A45EF /* Frameworks */,
				A0E834121DA8C756001A45EF /* Resources */,
				22524D21B8449F3AAFAF332E /* [CP] Embed Pods Frameworks */,
				816416DF0F7DA560B7262F76 /* [CP] Copy Pods Resources */,
			);
			buildRules = (
			);
			dependencies = (
				A0E834161DA8C756001A45EF /* PBXTargetDependency */,
			);
			name = "Detroit-School-TransportTests";
			productName = "Detroit-School-TransportTests";
			productReference = A0E834141DA8C756001A45EF /* Detroit-School-TransportTests.xctest */;
			productType = "com.apple.product-type.bundle.unit-test";
		};
		A0E8341E1DA8C756001A45EF /* Detroit-School-TransportUITests */ = {
			isa = PBXNativeTarget;
			buildConfigurationList = A0E8342E1DA8C756001A45EF /* Build configuration list for PBXNativeTarget "Detroit-School-TransportUITests" */;
			buildPhases = (
				84A885E885484DEABF15DB23 /* [CP] Check Pods Manifest.lock */,
				A0E8341B1DA8C756001A45EF /* Sources */,
				A0E8341C1DA8C756001A45EF /* Frameworks */,
				A0E8341D1DA8C756001A45EF /* Resources */,
				7DD365872EEBF4E50DF4599A /* [CP] Copy Pods Resources */,
			);
			buildRules = (
			);
			dependencies = (
				A0E834211DA8C756001A45EF /* PBXTargetDependency */,
			);
			name = "Detroit-School-TransportUITests";
			productName = "Detroit-School-TransportUITests";
			productReference = A0E8341F1DA8C756001A45EF /* Detroit-School-TransportUITests.xctest */;
			productType = "com.apple.product-type.bundle.ui-testing";
		};
/* End PBXNativeTarget section */

/* Begin PBXProject section */
		A0E833F81DA8C756001A45EF /* Project object */ = {
			isa = PBXProject;
			attributes = {
				LastSwiftUpdateCheck = 0800;
				LastUpgradeCheck = 0800;
				ORGANIZATIONNAME = "John Yang";
				TargetAttributes = {
					A0E833FF1DA8C756001A45EF = {
						CreatedOnToolsVersion = 8.0;
						DevelopmentTeam = WPPR726NJK;
						ProvisioningStyle = Automatic;
					};
					A0E834131DA8C756001A45EF = {
						CreatedOnToolsVersion = 8.0;
						DevelopmentTeam = WPPR726NJK;
						ProvisioningStyle = Automatic;
						TestTargetID = A0E833FF1DA8C756001A45EF;
					};
					A0E8341E1DA8C756001A45EF = {
						CreatedOnToolsVersion = 8.0;
						DevelopmentTeam = WPPR726NJK;
						ProvisioningStyle = Automatic;
						TestTargetID = A0E833FF1DA8C756001A45EF;
					};
				};
			};
			buildConfigurationList = A0E833FB1DA8C756001A45EF /* Build configuration list for PBXProject "Detroit-School-Transport" */;
			compatibilityVersion = "Xcode 3.2";
			developmentRegion = English;
			hasScannedForEncodings = 0;
			knownRegions = (
				en,
				Base,
			);
			mainGroup = A0E833F71DA8C756001A45EF;
			productRefGroup = A0E834011DA8C756001A45EF /* Products */;
			projectDirPath = "";
			projectRoot = "";
			targets = (
				A0E833FF1DA8C756001A45EF /* Detroit-School-Transport */,
				A0E834131DA8C756001A45EF /* Detroit-School-TransportTests */,
				A0E8341E1DA8C756001A45EF /* Detroit-School-TransportUITests */,
			);
		};
/* End PBXProject section */

/* Begin PBXResourcesBuildPhase section */
		A0E833FE1DA8C756001A45EF /* Resources */ = {
			isa = PBXResourcesBuildPhase;
			buildActionMask = 2147483647;
			files = (
				A0E8340E1DA8C756001A45EF /* LaunchScreen.storyboard in Resources */,
				A0ED15411DA9990E00954412 /* GoogleService-Info.plist in Resources */,
				A0E8340B1DA8C756001A45EF /* Assets.xcassets in Resources */,
				A0E834091DA8C756001A45EF /* Main.storyboard in Resources */,
			);
			runOnlyForDeploymentPostprocessing = 0;
		};
		A0E834121DA8C756001A45EF /* Resources */ = {
			isa = PBXResourcesBuildPhase;
			buildActionMask = 2147483647;
			files = (
			);
			runOnlyForDeploymentPostprocessing = 0;
		};
		A0E8341D1DA8C756001A45EF /* Resources */ = {
			isa = PBXResourcesBuildPhase;
			buildActionMask = 2147483647;
			files = (
			);
			runOnlyForDeploymentPostprocessing = 0;
		};
/* End PBXResourcesBuildPhase section */

/* Begin PBXShellScriptBuildPhase section */
		1E3BA970619273F82836DCA6 /* [CP] Check Pods Manifest.lock */ = {
			isa = PBXShellScriptBuildPhase;
			buildActionMask = 2147483647;
			files = (
			);
			inputPaths = (
			);
			name = "[CP] Check Pods Manifest.lock";
			outputPaths = (
			);
			runOnlyForDeploymentPostprocessing = 0;
			shellPath = /bin/sh;
			shellScript = "diff \"${PODS_ROOT}/../Podfile.lock\" \"${PODS_ROOT}/Manifest.lock\" > /dev/null\nif [[ $? != 0 ]] ; then\n    cat << EOM\nerror: The sandbox is not in sync with the Podfile.lock. Run 'pod install' or update your CocoaPods installation.\nEOM\n    exit 1\nfi\n";
			showEnvVarsInLog = 0;
		};
		22524D21B8449F3AAFAF332E /* [CP] Embed Pods Frameworks */ = {
			isa = PBXShellScriptBuildPhase;
			buildActionMask = 2147483647;
			files = (
			);
			inputPaths = (
			);
			name = "[CP] Embed Pods Frameworks";
			outputPaths = (
			);
			runOnlyForDeploymentPostprocessing = 0;
			shellPath = /bin/sh;
			shellScript = "\"${SRCROOT}/Pods/Target Support Files/Pods-Detroit-School-TransportTests/Pods-Detroit-School-TransportTests-frameworks.sh\"\n";
			showEnvVarsInLog = 0;
		};
		4251D0084BA02AF3C8CCA8CC /* [CP] Check Pods Manifest.lock */ = {
			isa = PBXShellScriptBuildPhase;
			buildActionMask = 2147483647;
			files = (
			);
			inputPaths = (
			);
			name = "[CP] Check Pods Manifest.lock";
			outputPaths = (
			);
			runOnlyForDeploymentPostprocessing = 0;
			shellPath = /bin/sh;
			shellScript = "diff \"${PODS_ROOT}/../Podfile.lock\" \"${PODS_ROOT}/Manifest.lock\" > /dev/null\nif [[ $? != 0 ]] ; then\n    cat << EOM\nerror: The sandbox is not in sync with the Podfile.lock. Run 'pod install' or update your CocoaPods installation.\nEOM\n    exit 1\nfi\n";
			showEnvVarsInLog = 0;
		};
		5AF32764E29C79558E129095 /* [CP] Embed Pods Frameworks */ = {
			isa = PBXShellScriptBuildPhase;
			buildActionMask = 2147483647;
			files = (
			);
			inputPaths = (
			);
			name = "[CP] Embed Pods Frameworks";
			outputPaths = (
			);
			runOnlyForDeploymentPostprocessing = 0;
			shellPath = /bin/sh;
			shellScript = "\"${SRCROOT}/Pods/Target Support Files/Pods-Detroit-School-Transport/Pods-Detroit-School-Transport-frameworks.sh\"\n";
			showEnvVarsInLog = 0;
		};
		7DD365872EEBF4E50DF4599A /* [CP] Copy Pods Resources */ = {
			isa = PBXShellScriptBuildPhase;
			buildActionMask = 2147483647;
			files = (
			);
			inputPaths = (
			);
			name = "[CP] Copy Pods Resources";
			outputPaths = (
			);
			runOnlyForDeploymentPostprocessing = 0;
			shellPath = /bin/sh;
			shellScript = "\"${SRCROOT}/Pods/Target Support Files/Pods-Detroit-School-TransportUITests/Pods-Detroit-School-TransportUITests-resources.sh\"\n";
			showEnvVarsInLog = 0;
		};
		816416DF0F7DA560B7262F76 /* [CP] Copy Pods Resources */ = {
			isa = PBXShellScriptBuildPhase;
			buildActionMask = 2147483647;
			files = (
			);
			inputPaths = (
			);
			name = "[CP] Copy Pods Resources";
			outputPaths = (
			);
			runOnlyForDeploymentPostprocessing = 0;
			shellPath = /bin/sh;
			shellScript = "\"${SRCROOT}/Pods/Target Support Files/Pods-Detroit-School-TransportTests/Pods-Detroit-School-TransportTests-resources.sh\"\n";
			showEnvVarsInLog = 0;
		};
		84A885E885484DEABF15DB23 /* [CP] Check Pods Manifest.lock */ = {
			isa = PBXShellScriptBuildPhase;
			buildActionMask = 2147483647;
			files = (
			);
			inputPaths = (
			);
			name = "[CP] Check Pods Manifest.lock";
			outputPaths = (
			);
			runOnlyForDeploymentPostprocessing = 0;
			shellPath = /bin/sh;
			shellScript = "diff \"${PODS_ROOT}/../Podfile.lock\" \"${PODS_ROOT}/Manifest.lock\" > /dev/null\nif [[ $? != 0 ]] ; then\n    cat << EOM\nerror: The sandbox is not in sync with the Podfile.lock. Run 'pod install' or update your CocoaPods installation.\nEOM\n    exit 1\nfi\n";
			showEnvVarsInLog = 0;
		};
		A1DD9F9A9C28D49468025D8A /* [CP] Copy Pods Resources */ = {
			isa = PBXShellScriptBuildPhase;
			buildActionMask = 2147483647;
			files = (
			);
			inputPaths = (
			);
			name = "[CP] Copy Pods Resources";
			outputPaths = (
			);
			runOnlyForDeploymentPostprocessing = 0;
			shellPath = /bin/sh;
			shellScript = "\"${SRCROOT}/Pods/Target Support Files/Pods-Detroit-School-Transport/Pods-Detroit-School-Transport-resources.sh\"\n";
			showEnvVarsInLog = 0;
		};
/* End PBXShellScriptBuildPhase section */

/* Begin PBXSourcesBuildPhase section */
		A0E833FC1DA8C756001A45EF /* Sources */ = {
			isa = PBXSourcesBuildPhase;
			buildActionMask = 2147483647;
			files = (
				A0E834041DA8C756001A45EF /* AppDelegate.swift in Sources */,
				A0A054151DA8D04300ED1F03 /* BeginTripViewController.swift in Sources */,
				A0ECD6371DA982E200132B7D /* TripDataViewController.swift in Sources */,
				A0ED15431DA9999900954412 /* SwiftHEXColors.swift in Sources */,
				EE5529921DA9BD5F00187EC9 /* PublicTransitDataSource.swift in Sources */,
			);
			runOnlyForDeploymentPostprocessing = 0;
		};
		A0E834101DA8C756001A45EF /* Sources */ = {
			isa = PBXSourcesBuildPhase;
			buildActionMask = 2147483647;
			files = (
				A0E834191DA8C756001A45EF /* Detroit_School_TransportTests.swift in Sources */,
			);
			runOnlyForDeploymentPostprocessing = 0;
		};
		A0E8341B1DA8C756001A45EF /* Sources */ = {
			isa = PBXSourcesBuildPhase;
			buildActionMask = 2147483647;
			files = (
				A0E834241DA8C756001A45EF /* Detroit_School_TransportUITests.swift in Sources */,
			);
			runOnlyForDeploymentPostprocessing = 0;
		};
/* End PBXSourcesBuildPhase section */

/* Begin PBXTargetDependency section */
		A0E834161DA8C756001A45EF /* PBXTargetDependency */ = {
			isa = PBXTargetDependency;
			target = A0E833FF1DA8C756001A45EF /* Detroit-School-Transport */;
			targetProxy = A0E834151DA8C756001A45EF /* PBXContainerItemProxy */;
		};
		A0E834211DA8C756001A45EF /* PBXTargetDependency */ = {
			isa = PBXTargetDependency;
			target = A0E833FF1DA8C756001A45EF /* Detroit-School-Transport */;
			targetProxy = A0E834201DA8C756001A45EF /* PBXContainerItemProxy */;
		};
/* End PBXTargetDependency section */

/* Begin PBXVariantGroup section */
		A0E834071DA8C756001A45EF /* Main.storyboard */ = {
			isa = PBXVariantGroup;
			children = (
				A0E834081DA8C756001A45EF /* Base */,
			);
			name = Main.storyboard;
			sourceTree = "<group>";
		};
		A0E8340C1DA8C756001A45EF /* LaunchScreen.storyboard */ = {
			isa = PBXVariantGroup;
			children = (
				A0E8340D1DA8C756001A45EF /* Base */,
			);
			name = LaunchScreen.storyboard;
			sourceTree = "<group>";
		};
/* End PBXVariantGroup section */

/* Begin XCBuildConfiguration section */
		A0E834261DA8C756001A45EF /* Debug */ = {
			isa = XCBuildConfiguration;
			buildSettings = {
				ALWAYS_SEARCH_USER_PATHS = NO;
				CLANG_ANALYZER_NONNULL = YES;
				CLANG_CXX_LANGUAGE_STANDARD = "gnu++0x";
				CLANG_CXX_LIBRARY = "libc++";
				CLANG_ENABLE_MODULES = YES;
				CLANG_ENABLE_OBJC_ARC = YES;
				CLANG_WARN_BOOL_CONVERSION = YES;
				CLANG_WARN_CONSTANT_CONVERSION = YES;
				CLANG_WARN_DIRECT_OBJC_ISA_USAGE = YES_ERROR;
				CLANG_WARN_DOCUMENTATION_COMMENTS = YES;
				CLANG_WARN_EMPTY_BODY = YES;
				CLANG_WARN_ENUM_CONVERSION = YES;
				CLANG_WARN_INFINITE_RECURSION = YES;
				CLANG_WARN_INT_CONVERSION = YES;
				CLANG_WARN_OBJC_ROOT_CLASS = YES_ERROR;
				CLANG_WARN_SUSPICIOUS_MOVE = YES;
				CLANG_WARN_SUSPICIOUS_MOVES = YES;
				CLANG_WARN_UNREACHABLE_CODE = YES;
				CLANG_WARN__DUPLICATE_METHOD_MATCH = YES;
				"CODE_SIGN_IDENTITY[sdk=iphoneos*]" = "iPhone Developer";
				COPY_PHASE_STRIP = NO;
				DEBUG_INFORMATION_FORMAT = dwarf;
				ENABLE_STRICT_OBJC_MSGSEND = YES;
				ENABLE_TESTABILITY = YES;
				GCC_C_LANGUAGE_STANDARD = gnu99;
				GCC_DYNAMIC_NO_PIC = NO;
				GCC_NO_COMMON_BLOCKS = YES;
				GCC_OPTIMIZATION_LEVEL = 0;
				GCC_PREPROCESSOR_DEFINITIONS = (
					"DEBUG=1",
					"$(inherited)",
				);
				GCC_WARN_64_TO_32_BIT_CONVERSION = YES;
				GCC_WARN_ABOUT_RETURN_TYPE = YES_ERROR;
				GCC_WARN_UNDECLARED_SELECTOR = YES;
				GCC_WARN_UNINITIALIZED_AUTOS = YES_AGGRESSIVE;
				GCC_WARN_UNUSED_FUNCTION = YES;
				GCC_WARN_UNUSED_VARIABLE = YES;
				IPHONEOS_DEPLOYMENT_TARGET = 10.0;
				MTL_ENABLE_DEBUG_INFO = YES;
				ONLY_ACTIVE_ARCH = YES;
				SDKROOT = iphoneos;
				SWIFT_ACTIVE_COMPILATION_CONDITIONS = DEBUG;
				SWIFT_OPTIMIZATION_LEVEL = "-Onone";
				TARGETED_DEVICE_FAMILY = "1,2";
			};
			name = Debug;
		};
		A0E834271DA8C756001A45EF /* Release */ = {
			isa = XCBuildConfiguration;
			buildSettings = {
				ALWAYS_SEARCH_USER_PATHS = NO;
				CLANG_ANALYZER_NONNULL = YES;
				CLANG_CXX_LANGUAGE_STANDARD = "gnu++0x";
				CLANG_CXX_LIBRARY = "libc++";
				CLANG_ENABLE_MODULES = YES;
				CLANG_ENABLE_OBJC_ARC = YES;
				CLANG_WARN_BOOL_CONVERSION = YES;
				CLANG_WARN_CONSTANT_CONVERSION = YES;
				CLANG_WARN_DIRECT_OBJC_ISA_USAGE = YES_ERROR;
				CLANG_WARN_DOCUMENTATION_COMMENTS = YES;
				CLANG_WARN_EMPTY_BODY = YES;
				CLANG_WARN_ENUM_CONVERSION = YES;
				CLANG_WARN_INFINITE_RECURSION = YES;
				CLANG_WARN_INT_CONVERSION = YES;
				CLANG_WARN_OBJC_ROOT_CLASS = YES_ERROR;
				CLANG_WARN_SUSPICIOUS_MOVE = YES;
				CLANG_WARN_SUSPICIOUS_MOVES = YES;
				CLANG_WARN_UNREACHABLE_CODE = YES;
				CLANG_WARN__DUPLICATE_METHOD_MATCH = YES;
				"CODE_SIGN_IDENTITY[sdk=iphoneos*]" = "iPhone Developer";
				COPY_PHASE_STRIP = NO;
				DEBUG_INFORMATION_FORMAT = "dwarf-with-dsym";
				ENABLE_NS_ASSERTIONS = NO;
				ENABLE_STRICT_OBJC_MSGSEND = YES;
				GCC_C_LANGUAGE_STANDARD = gnu99;
				GCC_NO_COMMON_BLOCKS = YES;
				GCC_WARN_64_TO_32_BIT_CONVERSION = YES;
				GCC_WARN_ABOUT_RETURN_TYPE = YES_ERROR;
				GCC_WARN_UNDECLARED_SELECTOR = YES;
				GCC_WARN_UNINITIALIZED_AUTOS = YES_AGGRESSIVE;
				GCC_WARN_UNUSED_FUNCTION = YES;
				GCC_WARN_UNUSED_VARIABLE = YES;
				IPHONEOS_DEPLOYMENT_TARGET = 10.0;
				MTL_ENABLE_DEBUG_INFO = NO;
				SDKROOT = iphoneos;
				SWIFT_OPTIMIZATION_LEVEL = "-Owholemodule";
				TARGETED_DEVICE_FAMILY = "1,2";
				VALIDATE_PRODUCT = YES;
			};
			name = Release;
		};
		A0E834291DA8C756001A45EF /* Debug */ = {
			isa = XCBuildConfiguration;
			baseConfigurationReference = 53B66A37D07FE0AD6651EBC8 /* Pods-Detroit-School-Transport.debug.xcconfig */;
			buildSettings = {
				ASSETCATALOG_COMPILER_APPICON_NAME = AppIcon;
				DEVELOPMENT_TEAM = WPPR726NJK;
				INFOPLIST_FILE = "Detroit-School-Transport/Info.plist";
				LD_RUNPATH_SEARCH_PATHS = "$(inherited) @executable_path/Frameworks";
				PRODUCT_BUNDLE_IDENTIFIER = "johnyang.Detroit-School-Transport";
				PRODUCT_NAME = "$(TARGET_NAME)";
				SWIFT_VERSION = 3.0;
			};
			name = Debug;
		};
		A0E8342A1DA8C756001A45EF /* Release */ = {
			isa = XCBuildConfiguration;
			baseConfigurationReference = C68BE7B1BF758069DFDB3AA8 /* Pods-Detroit-School-Transport.release.xcconfig */;
			buildSettings = {
				ASSETCATALOG_COMPILER_APPICON_NAME = AppIcon;
				DEVELOPMENT_TEAM = WPPR726NJK;
				INFOPLIST_FILE = "Detroit-School-Transport/Info.plist";
				LD_RUNPATH_SEARCH_PATHS = "$(inherited) @executable_path/Frameworks";
				PRODUCT_BUNDLE_IDENTIFIER = "johnyang.Detroit-School-Transport";
				PRODUCT_NAME = "$(TARGET_NAME)";
				SWIFT_VERSION = 3.0;
			};
			name = Release;
		};
		A0E8342C1DA8C756001A45EF /* Debug */ = {
			isa = XCBuildConfiguration;
			baseConfigurationReference = AD57E1755E78B39B3ED0B88D /* Pods-Detroit-School-TransportTests.debug.xcconfig */;
			buildSettings = {
				ALWAYS_EMBED_SWIFT_STANDARD_LIBRARIES = YES;
				BUNDLE_LOADER = "$(TEST_HOST)";
				DEVELOPMENT_TEAM = WPPR726NJK;
				INFOPLIST_FILE = "Detroit-School-TransportTests/Info.plist";
				LD_RUNPATH_SEARCH_PATHS = "$(inherited) @executable_path/Frameworks @loader_path/Frameworks";
				PRODUCT_BUNDLE_IDENTIFIER = "johnyang.Detroit-School-TransportTests";
				PRODUCT_NAME = "$(TARGET_NAME)";
				SWIFT_VERSION = 3.0;
				TEST_HOST = "$(BUILT_PRODUCTS_DIR)/Detroit-School-Transport.app/Detroit-School-Transport";
			};
			name = Debug;
		};
		A0E8342D1DA8C756001A45EF /* Release */ = {
			isa = XCBuildConfiguration;
			baseConfigurationReference = 77958C46CCD7235D16AA1C99 /* Pods-Detroit-School-TransportTests.release.xcconfig */;
			buildSettings = {
				ALWAYS_EMBED_SWIFT_STANDARD_LIBRARIES = YES;
				BUNDLE_LOADER = "$(TEST_HOST)";
				DEVELOPMENT_TEAM = WPPR726NJK;
				INFOPLIST_FILE = "Detroit-School-TransportTests/Info.plist";
				LD_RUNPATH_SEARCH_PATHS = "$(inherited) @executable_path/Frameworks @loader_path/Frameworks";
				PRODUCT_BUNDLE_IDENTIFIER = "johnyang.Detroit-School-TransportTests";
				PRODUCT_NAME = "$(TARGET_NAME)";
				SWIFT_VERSION = 3.0;
				TEST_HOST = "$(BUILT_PRODUCTS_DIR)/Detroit-School-Transport.app/Detroit-School-Transport";
			};
			name = Release;
		};
		A0E8342F1DA8C756001A45EF /* Debug */ = {
			isa = XCBuildConfiguration;
			baseConfigurationReference = F7528F882E0B6901912443B2 /* Pods-Detroit-School-TransportUITests.debug.xcconfig */;
			buildSettings = {
				ALWAYS_EMBED_SWIFT_STANDARD_LIBRARIES = YES;
				DEVELOPMENT_TEAM = WPPR726NJK;
				INFOPLIST_FILE = "Detroit-School-TransportUITests/Info.plist";
				LD_RUNPATH_SEARCH_PATHS = "$(inherited) @executable_path/Frameworks @loader_path/Frameworks";
				PRODUCT_BUNDLE_IDENTIFIER = "johnyang.Detroit-School-TransportUITests";
				PRODUCT_NAME = "$(TARGET_NAME)";
				SWIFT_VERSION = 3.0;
				TEST_TARGET_NAME = "Detroit-School-Transport";
			};
			name = Debug;
		};
		A0E834301DA8C756001A45EF /* Release */ = {
			isa = XCBuildConfiguration;
			baseConfigurationReference = BB771D8839A436E5512D4B07 /* Pods-Detroit-School-TransportUITests.release.xcconfig */;
			buildSettings = {
				ALWAYS_EMBED_SWIFT_STANDARD_LIBRARIES = YES;
				DEVELOPMENT_TEAM = WPPR726NJK;
				INFOPLIST_FILE = "Detroit-School-TransportUITests/Info.plist";
				LD_RUNPATH_SEARCH_PATHS = "$(inherited) @executable_path/Frameworks @loader_path/Frameworks";
				PRODUCT_BUNDLE_IDENTIFIER = "johnyang.Detroit-School-TransportUITests";
				PRODUCT_NAME = "$(TARGET_NAME)";
				SWIFT_VERSION = 3.0;
				TEST_TARGET_NAME = "Detroit-School-Transport";
			};
			name = Release;
		};
/* End XCBuildConfiguration section */

/* Begin XCConfigurationList section */
		A0E833FB1DA8C756001A45EF /* Build configuration list for PBXProject "Detroit-School-Transport" */ = {
			isa = XCConfigurationList;
			buildConfigurations = (
				A0E834261DA8C756001A45EF /* Debug */,
				A0E834271DA8C756001A45EF /* Release */,
			);
			defaultConfigurationIsVisible = 0;
			defaultConfigurationName = Release;
		};
		A0E834281DA8C756001A45EF /* Build configuration list for PBXNativeTarget "Detroit-School-Transport" */ = {
			isa = XCConfigurationList;
			buildConfigurations = (
				A0E834291DA8C756001A45EF /* Debug */,
				A0E8342A1DA8C756001A45EF /* Release */,
			);
			defaultConfigurationIsVisible = 0;
			defaultConfigurationName = Release;
		};
		A0E8342B1DA8C756001A45EF /* Build configuration list for PBXNativeTarget "Detroit-School-TransportTests" */ = {
			isa = XCConfigurationList;
			buildConfigurations = (
				A0E8342C1DA8C756001A45EF /* Debug */,
				A0E8342D1DA8C756001A45EF /* Release */,
			);
			defaultConfigurationIsVisible = 0;
			defaultConfigurationName = Release;
		};
		A0E8342E1DA8C756001A45EF /* Build configuration list for PBXNativeTarget "Detroit-School-TransportUITests" */ = {
			isa = XCConfigurationList;
			buildConfigurations = (
				A0E8342F1DA8C756001A45EF /* Debug */,
				A0E834301DA8C756001A45EF /* Release */,
			);
			defaultConfigurationIsVisible = 0;
			defaultConfigurationName = Release;
		};
/* End XCConfigurationList section */
	};
	rootObject = A0E833F81DA8C756001A45EF /* Project object */;
}
